github.com/bitcoinschema/go-bpu v0.2.3 h1:JDdWQuwBA2J9jA+x56Q3MvtEZkbDZS+VpGqaL1+cmyc=
github.com/bitcoinschema/go-bpu v0.2.3/go.mod h1:vc8RxmsAmJ26tmQ8tMccwgbd7os8ThfO7AR5kyPdbUY=
github.com/bsv-blockchain/go-sdk v1.3.3 h1:plkUdRxT2A6WQ6KXrMY9HRzZCjTmo7oEkyyO+skax7Y=
github.com/bsv-blockchain/go-sdk v1.3.3/go.mod h1:OgwTIUwBL74L5DUT+595i+7WPediUqxhxnzC9rIK0og=
github.com/davecgh/go-spew v1.1.1 h1:vj9j/u1bqnvCEfJOwUhtlOARqs3+rkHYY13jYWTU97c=
github.com/davecgh/go-spew v1.1.1/go.mod h1:J7Y8YcW2NihsgmVo/mv3lAwl/skON4iLHjSsI+c5H38=
github.com/pkg/errors v0.9.1 h1:FEBLx1zS214owpjy7qsBeixbURkuhQAwrK5UwLGTwt4=
github.com/pkg/errors v0.9.1/go.mod h1:bwawxfHBFNV+L2hUp1rHADufV3IMtnDRdf1r5NINEl0=
github.com/stretchr/testify v1.12.1 h1:EuwCh5fleGS7H32xRwO3wRGT7DxrDhLAT6FF8MpWDWE=
github.com/stretchr/testify v1.12.1/go.mod h1:MDEgiDPPsNp5cuIrHPPCyornHKgEVbtFUmoNlxoYthg=
go.yaml.in/yaml/v3 v3.0.5 h1:N6y/pJk8buWs9NY5ERU2HSMfm+IuD/OtfdAnq6kESPw=
go.yaml.in/yaml/v3 v3.0.5/go.mod h1:HVTZu1O7/Vkt2N+BFy8Zza+lnLsABggaTM2ZpNIGuKg=
golang.org/x/crypto v0.54.0 h1:YLIA59K4fiNzHzjnZt2tUJQjQtUWfWbeHBqKtk3eScw=
golang.org/x/crypto v0.54.0/go.mod h1:KWL8ny2AZdGR2cWmzeHrp2azQPGogOv+HeQaVEXC2dk=
